
Microsoft Visual Studio Solution File, Format Version 12.00
# Visual Studio Version 17
VisualStudioVersion = 17.5.002.0
MinimumVisualStudioVersion = 10.0.40219.1
Project("{9A19103F-16F7-4668-BE54-9A1E7A4F7556}") = "giai_phuong_trinh_bac_nhat", "giai_phuong_trinh_bac_nhat.csproj", "{060D04F3-0F7F-4101-9BEC-7A58FB657880}"
EndProject
Global
	GlobalSection(SolutionConfigurationPlatforms) = preSolution
		Debug|Any CPU = Debug|Any CPU
		Release|Any CPU = Release|Any CPU
	EndGlobalSection
	GlobalSection(ProjectConfigurationPlatforms) = postSolution
		{060D04F3-0F7F-4101-9BEC-7A58FB657880}.Debug|Any CPU.ActiveCfg = Debug|Any CPU
		{060D04F3-0F7F-4101-9BEC-7A58FB657880}.Debug|Any CPU.Build.0 = Debug|Any CPU
		{060D04F3-0F7F-4101-9BEC-7A58FB657880}.Release|Any CPU.ActiveCfg = Release|Any CPU
		{060D04F3-0F7F-4101-9BEC-7A58FB657880}.Release|Any CPU.Build.0 = Release|Any CPU
	EndGlobalSection
	GlobalSection(SolutionProperties) = preSolution
		HideSolutionNode = FALSE
	EndGlobalSection
	GlobalSection(ExtensibilityGlobals) = postSolution
		SolutionGuid = {91D79098-B6EF-4FE0-8792-ACE6BF9FC9FC}
	EndGlobalSection
EndGlobal
